
Microsoft Visual Studio Solution File, Format Version 12.00
# Visual Studio Version 16
VisualStudioVersion = 16.0.32126.315
MinimumVisualStudioVersion = 10.0.40219.1
Project("{FAE04EC0-301F-11D3-BF4B-00C04F79EFBC}") = "Test Api JWT", "Test Api JWT\Test Api JWT.csproj", "{3AF63762-F7DB-4717-AAF4-873A717432FA}"
EndProject
Global
	GlobalSection(SolutionConfigurationPlatforms) = preSolution
		Debug|Any CPU = Debug|Any CPU
		Release|Any CPU = Release|Any CPU
	EndGlobalSection
	GlobalSection(ProjectConfigurationPlatforms) = postSolution
		{3AF63762-F7DB-4717-AAF4-873A717432FA}.Debug|Any CPU.ActiveCfg = Debug|Any CPU
		{3AF63762-F7DB-4717-AAF4-873A717432FA}.Debug|Any CPU.Build.0 = Debug|Any CPU
		{3AF63762-F7DB-4717-AAF4-873A717432FA}.Release|Any CPU.ActiveCfg = Release|Any CPU
		{3AF63762-F7DB-4717-AAF4-873A717432FA}.Release|Any CPU.Build.0 = Release|Any CPU
	EndGlobalSection
	GlobalSection(SolutionProperties) = preSolution
		HideSolutionNode = FALSE
	EndGlobalSection
	GlobalSection(ExtensibilityGlobals) = postSolution
		SolutionGuid = {E181B385-138A-4BEB-81B3-4CD3026CD582}
	EndGlobalSection
EndGlobal
